// !$*UTF8*$!
{
	archiveVersion = 1;
	classes = {
	};
	objectVersion = 46;
	objects = {

/* Begin PBXBuildFile section */
		BE1D0CC71C77A806008EBF68 /* AppDelegate.swift in Sources */ = {isa = PBXBuildFile; fileRef = BE1D0CC61C77A806008EBF68 /* AppDelegate.swift */; };
		BE1D0CC91C77A806008EBF68 /* ViewController.swift in Sources */ = {isa = PBXBuildFile; fileRef = BE1D0CC81C77A806008EBF68 /* ViewController.swift */; };
		BE1D0CCC1C77A806008EBF68 /* Main.storyboard in Resources */ = {isa = PBXBuildFile; fileRef = BE1D0CCA1C77A806008EBF68 /* Main.storyboard */; };
		BE1D0CCE1C77A806008EBF68 /* Assets.xcassets in Resources */ = {isa = PBXBuildFile; fileRef = BE1D0CCD1C77A806008EBF68 /* Assets.xcassets */; };
		BE1D0CD11C77A806008EBF68 /* LaunchScreen.storyboard in Resources */ = {isa = PBXBuildFile; fileRef = BE1D0CCF1C77A806008EBF68 /* LaunchScreen.storyboard */; };
		BE1D0CDC1C77A806008EBF68 /* feb19743Tests.swift in Sources */ = {isa = PBXBuildFile; fileRef = BE1D0CDB1C77A806008EBF68 /* feb19743Tests.swift */; };
		BE1D0CE71C77A806008EBF68 /* feb19743UITests.swift in Sources */ = {isa = PBXBuildFile; fileRef = BE1D0CE61C77A806008EBF68 /* feb19743UITests.swift */; };
		BE1D0CF61C77A851008EBF68 /* CloudKit.framework in Frameworks */ = {isa = PBXBuildFile; fileRef = BE1D0CF51C77A851008EBF68 /* CloudKit.framework */; };
		BE216E161C93A03900F74E02 /* meet.mp3 in Resources */ = {isa = PBXBuildFile; fileRef = BE216E151C93A03900F74E02 /* meet.mp3 */; };
		BE3633BF1C9563620014B0BB /* hello.mp3 in Resources */ = {isa = PBXBuildFile; fileRef = BE3633BE1C9563620014B0BB /* hello.mp3 */; };
/* End PBXBuildFile section */

/* Begin PBXContainerItemProxy section */
		BE1D0CD81C77A806008EBF68 /* PBXContainerItemProxy */ = {
			isa = PBXContainerItemProxy;
			containerPortal = BE1D0CBB1C77A806008EBF68 /* Project object */;
			proxyType = 1;
			remoteGlobalIDString = BE1D0CC21C77A806008EBF68;
			remoteInfo = feb19743;
		};
		BE1D0CE31C77A806008EBF68 /* PBXContainerItemProxy */ = {
			isa = PBXContainerItemProxy;
			containerPortal = BE1D0CBB1C77A806008EBF68 /* Project object */;
			proxyType = 1;
			remoteGlobalIDString = BE1D0CC21C77A806008EBF68;
			remoteInfo = feb19743;
		};
/* End PBXContainerItemProxy section */

/* Begin PBXFileReference section */
		BE1D0CC31C77A806008EBF68 /* feb19743.app */ = {isa = PBXFileReference; explicitFileType = wrapper.application; includeInIndex = 0; path = feb19743.app; sourceTree = BUILT_PRODUCTS_DIR; };
		BE1D0CC61C77A806008EBF68 /* AppDelegate.swift */ = {isa = PBXFileReference; lastKnownFileType = sourcecode.swift; path = AppDelegate.swift; sourceTree = "<group>"; };
		BE1D0CC81C77A806008EBF68 /* ViewController.swift */ = {isa = PBXFileReference; lastKnownFileType = sourcecode.swift; path = ViewController.swift; sourceTree = "<group>"; };
		BE1D0CCB1C77A806008EBF68 /* Base */ = {isa = PBXFileReference; lastKnownFileType = file.storyboard; name = Base; path = Base.lproj/Main.storyboard; sourceTree = "<group>"; };
		BE1D0CCD1C77A806008EBF68 /* Assets.xcassets */ = {isa = PBXFileReference; lastKnownFileType = folder.assetcatalog; path = Assets.xcassets; sourceTree = "<group>"; };
		BE1D0CD01C77A806008EBF68 /* Base */ = {isa = PBXFileReference; lastKnownFileType = file.storyboard; name = Base; path = Base.lproj/LaunchScreen.storyboard; sourceTree = "<group>"; };
		BE1D0CD21C77A806008EBF68 /* Info.plist */ = {isa = PBXFileReference; lastKnownFileType = text.plist.xml; path = Info.plist; sourceTree = "<group>"; };
		BE1D0CD71C77A806008EBF68 /* feb19743Tests.xctest */ = {isa = PBXFileReference; explicitFileType = wrapper.cfbundle; includeInIndex = 0; path = feb19743Tests.xctest; sourceTree = BUILT_PRODUCTS_DIR; };
		BE1D0CDB1C77A806008EBF68 /* feb19743Tests.swift */ = {isa = PBXFileReference; lastKnownFileType = sourcecode.swift; path = feb19743Tests.swift; sourceTree = "<group>"; };
		BE1D0CDD1C77A806008EBF68 /* Info.plist */ = {isa = PBXFileReference; lastKnownFileType = text.plist.xml; path = Info.plist; sourceTree = "<group>"; };
		BE1D0CE21C77A806008EBF68 /* feb19743UITests.xctest */ = {isa = PBXFileReference; explicitFileType = wrapper.cfbundle; includeInIndex = 0; path = feb19743UITests.xctest; sourceTree = BUILT_PRODUCTS_DIR; };
		BE1D0CE61C77A806008EBF68 /* feb19743UITests.swift */ = {isa = PBXFileReference; lastKnownFileType = sourcecode.swift; path = feb19743UITests.swift; sourceTree = "<group>"; };
		BE1D0CE81C77A806008EBF68 /* Info.plist */ = {isa = PBXFileReference; lastKnownFileType = text.plist.xml; path = Info.plist; sourceTree = "<group>"; };
		BE1D0CF41C77A81B008EBF68 /* feb19743.entitlements */ = {isa = PBXFileReference; lastKnownFileType = text.xml; path = feb19743.entitlements; sourceTree = "<group>"; };
		BE1D0CF51C77A851008EBF68 /* CloudKit.framework */ = {isa = PBXFileReference; lastKnownFileType = wrapper.framework; name = CloudKit.framework; path = System/Library/Frameworks/CloudKit.framework; sourceTree = SDKROOT; };
		BE216E151C93A03900F74E02 /* meet.mp3 */ = {isa = PBXFileReference; lastKnownFileType = audio.mp3; path = meet.mp3; sourceTree = "<group>"; };
		BE3633BE1C9563620014B0BB /* hello.mp3 */ = {isa = PBXFileReference; lastKnownFileType = audio.mp3; path = hello.mp3; sourceTree = "<group>"; };
/* End PBXFileReference section */

/* Begin PBXFrameworksBuildPhase section */
		BE1D0CC01C77A806008EBF68 /* Frameworks */ = {
			isa = PBXFrameworksBuildPhase;
			buildActionMask = 2147483647;
			files = (
				BE1D0CF61C77A851008EBF68 /* CloudKit.framework in Frameworks */,
			);
			runOnlyForDeploymentPostprocessing = 0;
		};
		BE1D0CD41C77A806008EBF68 /* Frameworks */ = {
			isa = PBXFrameworksBuildPhase;
			buildActionMask = 2147483647;
			files = (
			);
			runOnlyForDeploymentPostprocessing = 0;
		};
		BE1D0CDF1C77A806008EBF68 /* Frameworks */ = {
			isa = PBXFrameworksBuildPhase;
			buildActionMask = 2147483647;
			files = (
			);
			runOnlyForDeploymentPostprocessing = 0;
		};
/* End PBXFrameworksBuildPhase section */

/* Begin PBXGroup section */
		BE1D0CBA1C77A806008EBF68 = {
			isa = PBXGroup;
			children = (
				BE1D0CF51C77A851008EBF68 /* CloudKit.framework */,
				BE1D0CC51C77A806008EBF68 /* feb19743 */,
				BE1D0CDA1C77A806008EBF68 /* feb19743Tests */,
				BE1D0CE51C77A806008EBF68 /* feb19743UITests */,
				BE1D0CC41C77A806008EBF68 /* Products */,
			);
			sourceTree = "<group>";
		};
		BE1D0CC41C77A806008EBF68 /* Products */ = {
			isa = PBXGroup;
			children = (
				BE1D0CC31C77A806008EBF68 /* feb19743.app */,
				BE1D0CD71C77A806008EBF68 /* feb19743Tests.xctest */,
				BE1D0CE21C77A806008EBF68 /* feb19743UITests.xctest */,
			);
			name = Products;
			sourceTree = "<group>";
		};
		BE1D0CC51C77A806008EBF68 /* feb19743 */ = {
			isa = PBXGroup;
			children = (
				BE1D0CF41C77A81B008EBF68 /* feb19743.entitlements */,
				BE216E151C93A03900F74E02 /* meet.mp3 */,
				BE3633BE1C9563620014B0BB /* hello.mp3 */,
				BE1D0CC61C77A806008EBF68 /* AppDelegate.swift */,
				BE1D0CC81C77A806008EBF68 /* ViewController.swift */,
				BE1D0CCA1C77A806008EBF68 /* Main.storyboard */,
				BE1D0CCD1C77A806008EBF68 /* Assets.xcassets */,
				BE1D0CCF1C77A806008EBF68 /* LaunchScreen.storyboard */,
				BE1D0CD21C77A806008EBF68 /* Info.plist */,
			);
			path = feb19743;
			sourceTree = "<group>";
		};
		BE1D0CDA1C77A806008EBF68 /* feb19743Tests */ = {
			isa = PBXGroup;
			children = (
				BE1D0CDB1C77A806008EBF68 /* feb19743Tests.swift */,
				BE1D0CDD1C77A806008EBF68 /* Info.plist */,
			);
			path = feb19743Tests;
			sourceTree = "<group>";
		};
		BE1D0CE51C77A806008EBF68 /* feb19743UITests */ = {
			isa = PBXGroup;
			children = (
				BE1D0CE61C77A806008EBF68 /* feb19743UITests.swift */,
				BE1D0CE81C77A806008EBF68 /* Info.plist */,
			);
			path = feb19743UITests;
			sourceTree = "<group>";
		};
/* End PBXGroup section */

/* Begin PBXNativeTarget section */
		BE1D0CC21C77A806008EBF68 /* feb19743 */ = {
			isa = PBXNativeTarget;
			buildConfigurationList = BE1D0CEB1C77A806008EBF68 /* Build configuration list for PBXNativeTarget "feb19743" */;
			buildPhases = (
				BE1D0CBF1C77A806008EBF68 /* Sources */,
				BE1D0CC01C77A806008EBF68 /* Frameworks */,
				BE1D0CC11C77A806008EBF68 /* Resources */,
			);
			buildRules = (
			);
			dependencies = (
			);
			name = feb19743;
			productName = feb19743;
			productReference = BE1D0CC31C77A806008EBF68 /* feb19743.app */;
			productType = "com.apple.product-type.application";
		};
		BE1D0CD61C77A806008EBF68 /* feb19743Tests */ = {
			isa = PBXNativeTarget;
			buildConfigurationList = BE1D0CEE1C77A806008EBF68 /* Build configuration list for PBXNativeTarget "feb19743Tests" */;
			buildPhases = (
				BE1D0CD31C77A806008EBF68 /* Sources */,
				BE1D0CD41C77A806008EBF68 /* Frameworks */,
				BE1D0CD51C77A806008EBF68 /* Resources */,
			);
			buildRules = (
			);
			dependencies = (
				BE1D0CD91C77A806008EBF68 /* PBXTargetDependency */,
			);
			name = feb19743Tests;
			productName = feb19743Tests;
			productReference = BE1D0CD71C77A806008EBF68 /* feb19743Tests.xctest */;
			productType = "com.apple.product-type.bundle.unit-test";
		};
		BE1D0CE11C77A806008EBF68 /* feb19743UITests */ = {
			isa = PBXNativeTarget;
			buildConfigurationList = BE1D0CF11C77A806008EBF68 /* Build configuration list for PBXNativeTarget "feb19743UITests" */;
			buildPhases = (
				BE1D0CDE1C77A806008EBF68 /* Sources */,
				BE1D0CDF1C77A806008EBF68 /* Frameworks */,
				BE1D0CE01C77A806008EBF68 /* Resources */,
			);
			buildRules = (
			);
			dependencies = (
				BE1D0CE41C77A806008EBF68 /* PBXTargetDependency */,
			);
			name = feb19743UITests;
			productName = feb19743UITests;
			productReference = BE1D0CE21C77A806008EBF68 /* feb19743UITests.xctest */;
			productType = "com.apple.product-type.bundle.ui-testing";
		};
/* End PBXNativeTarget section */

/* Begin PBXProject section */
		BE1D0CBB1C77A806008EBF68 /* Project object */ = {
			isa = PBXProject;
			attributes = {
				LastSwiftUpdateCheck = 0720;
				LastUpgradeCheck = 0720;
				ORGANIZATIONNAME = susan.gooding;
				TargetAttributes = {
					BE1D0CC21C77A806008EBF68 = {
						CreatedOnToolsVersion = 7.2.1;
						DevelopmentTeam = 8B9LC3ZY4B;
						SystemCapabilities = {
							com.apple.iCloud = {
								enabled = 1;
							};
						};
					};
					BE1D0CD61C77A806008EBF68 = {
						CreatedOnToolsVersion = 7.2.1;
						TestTargetID = BE1D0CC21C77A806008EBF68;
					};
					BE1D0CE11C77A806008EBF68 = {
						CreatedOnToolsVersion = 7.2.1;
						TestTargetID = BE1D0CC21C77A806008EBF68;
					};
				};
			};
			buildConfigurationList = BE1D0CBE1C77A806008EBF68 /* Build configuration list for PBXProject "feb19743" */;
			compatibilityVersion = "Xcode 3.2";
			developmentRegion = English;
			hasScannedForEncodings = 0;
			knownRegions = (
				en,
				Base,
			);
			mainGroup = BE1D0CBA1C77A806008EBF68;
			productRefGroup = BE1D0CC41C77A806008EBF68 /* Products */;
			projectDirPath = "";
			projectRoot = "";
			targets = (
				BE1D0CC21C77A806008EBF68 /* feb19743 */,
				BE1D0CD61C77A806008EBF68 /* feb19743Tests */,
				BE1D0CE11C77A806008EBF68 /* feb19743UITests */,
			);
		};
/* End PBXProject section */

/* Begin PBXResourcesBuildPhase section */
		BE1D0CC11C77A806008EBF68 /* Resources */ = {
			isa = PBXResourcesBuildPhase;
			buildActionMask = 2147483647;
			files = (
				BE1D0CD11C77A806008EBF68 /* LaunchScreen.storyboard in Resources */,
				BE216E161C93A03900F74E02 /* meet.mp3 in Resources */,
				BE3633BF1C9563620014B0BB /* hello.mp3 in Resources */,
				BE1D0CCE1C77A806008EBF68 /* Assets.xcassets in Resources */,
				BE1D0CCC1C77A806008EBF68 /* Main.storyboard in Resources */,
			);
			runOnlyForDeploymentPostprocessing = 0;
		};
		BE1D0CD51C77A806008EBF68 /* Resources */ = {
			isa = PBXResourcesBuildPhase;
			buildActionMask = 2147483647;
			files = (
			);
			runOnlyForDeploymentPostprocessing = 0;
		};
		BE1D0CE01C77A806008EBF68 /* Resources */ = {
			isa = PBXResourcesBuildPhase;
			buildActionMask = 2147483647;
			files = (
			);
			runOnlyForDeploymentPostprocessing = 0;
		};
/* End PBXResourcesBuildPhase section */

/* Begin PBXSourcesBuildPhase section */
		BE1D0CBF1C77A806008EBF68 /* Sources */ = {
			isa = PBXSourcesBuildPhase;
			buildActionMask = 2147483647;
			files = (
				BE1D0CC91C77A806008EBF68 /* ViewController.swift in Sources */,
				BE1D0CC71C77A806008EBF68 /* AppDelegate.swift in Sources */,
			);
			runOnlyForDeploymentPostprocessing = 0;
		};
		BE1D0CD31C77A806008EBF68 /* Sources */ = {
			isa = PBXSourcesBuildPhase;
			buildActionMask = 2147483647;
			files = (
				BE1D0CDC1C77A806008EBF68 /* feb19743Tests.swift in Sources */,
			);
			runOnlyForDeploymentPostprocessing = 0;
		};
		BE1D0CDE1C77A806008EBF68 /* Sources */ = {
			isa = PBXSourcesBuildPhase;
			buildActionMask = 2147483647;
			files = (
				BE1D0CE71C77A806008EBF68 /* feb19743UITests.swift in Sources */,
			);
			runOnlyForDeploymentPostprocessing = 0;
		};
/* End PBXSourcesBuildPhase section */

/* Begin PBXTargetDependency section */
		BE1D0CD91C77A806008EBF68 /* PBXTargetDependency */ = {
			isa = PBXTargetDependency;
			target = BE1D0CC21C77A806008EBF68 /* feb19743 */;
			targetProxy = BE1D0CD81C77A806008EBF68 /* PBXContainerItemProxy */;
		};
		BE1D0CE41C77A806008EBF68 /* PBXTargetDependency */ = {
			isa = PBXTargetDependency;
			target = BE1D0CC21C77A806008EBF68 /* feb19743 */;
			targetProxy = BE1D0CE31C77A806008EBF68 /* PBXContainerItemProxy */;
		};
/* End PBXTargetDependency section */

/* Begin PBXVariantGroup section */
		BE1D0CCA1C77A806008EBF68 /* Main.storyboard */ = {
			isa = PBXVariantGroup;
			children = (
				BE1D0CCB1C77A806008EBF68 /* Base */,
			);
			name = Main.storyboard;
			sourceTree = "<group>";
		};
		BE1D0CCF1C77A806008EBF68 /* LaunchScreen.storyboard */ = {
			isa = PBXVariantGroup;
			children = (
				BE1D0CD01C77A806008EBF68 /* Base */,
			);
			name = LaunchScreen.storyboard;
			sourceTree = "<group>";
		};
/* End PBXVariantGroup section */

/* Begin XCBuildConfiguration section */
		BE1D0CE91C77A806008EBF68 /* Debug */ = {
			isa = XCBuildConfiguration;
			buildSettings = {
				ALWAYS_SEARCH_USER_PATHS = NO;
				CLANG_CXX_LANGUAGE_STANDARD = "gnu++0x";
				CLANG_CXX_LIBRARY = "libc++";
				CLANG_ENABLE_MODULES = YES;
				CLANG_ENABLE_OBJC_ARC = YES;
				CLANG_WARN_BOOL_CONVERSION = YES;
				CLANG_WARN_CONSTANT_CONVERSION = YES;
				CLANG_WARN_DIRECT_OBJC_ISA_USAGE = YES_ERROR;
				CLANG_WARN_EMPTY_BODY = YES;
				CLANG_WARN_ENUM_CONVERSION = YES;
				CLANG_WARN_INT_CONVERSION = YES;
				CLANG_WARN_OBJC_ROOT_CLASS = YES_ERROR;
				CLANG_WARN_UNREACHABLE_CODE = YES;
				CLANG_WARN__DUPLICATE_METHOD_MATCH = YES;
				"CODE_SIGN_IDENTITY[sdk=iphoneos*]" = "iPhone Developer";
				COPY_PHASE_STRIP = NO;
				DEBUG_INFORMATION_FORMAT = dwarf;
				ENABLE_STRICT_OBJC_MSGSEND = YES;
				ENABLE_TESTABILITY = YES;
				GCC_C_LANGUAGE_STANDARD = gnu99;
				GCC_DYNAMIC_NO_PIC = NO;
				GCC_NO_COMMON_BLOCKS = YES;
				GCC_OPTIMIZATION_LEVEL = 0;
				GCC_PREPROCESSOR_DEFINITIONS = (
					"DEBUG=1",
					"$(inherited)",
				);
				GCC_WARN_64_TO_32_BIT_CONVERSION = YES;
				GCC_WARN_ABOUT_RETURN_TYPE = YES_ERROR;
				GCC_WARN_UNDECLARED_SELECTOR = YES;
				GCC_WARN_UNINITIALIZED_AUTOS = YES_AGGRESSIVE;
				GCC_WARN_UNUSED_FUNCTION = YES;
				GCC_WARN_UNUSED_VARIABLE = YES;
				IPHONEOS_DEPLOYMENT_TARGET = 9.2;
				MTL_ENABLE_DEBUG_INFO = YES;
				ONLY_ACTIVE_ARCH = YES;
				SDKROOT = iphoneos;
				SWIFT_OPTIMIZATION_LEVEL = "-Onone";
			};
			name = Debug;
		};
		BE1D0CEA1C77A806008EBF68 /* Release */ = {
			isa = XCBuildConfiguration;
			buildSettings = {
				ALWAYS_SEARCH_USER_PATHS = NO;
				CLANG_CXX_LANGUAGE_STANDARD = "gnu++0x";
				CLANG_CXX_LIBRARY = "libc++";
				CLANG_ENABLE_MODULES = YES;
				CLANG_ENABLE_OBJC_ARC = YES;
				CLANG_WARN_BOOL_CONVERSION = YES;
				CLANG_WARN_CONSTANT_CONVERSION = YES;
				CLANG_WARN_DIRECT_OBJC_ISA_USAGE = YES_ERROR;
				CLANG_WARN_EMPTY_BODY = YES;
				CLANG_WARN_ENUM_CONVERSION = YES;
				CLANG_WARN_INT_CONVERSION = YES;
				CLANG_WARN_OBJC_ROOT_CLASS = YES_ERROR;
				CLANG_WARN_UNREACHABLE_CODE = YES;
				CLANG_WARN__DUPLICATE_METHOD_MATCH = YES;
				"CODE_SIGN_IDENTITY[sdk=iphoneos*]" = "iPhone Developer";
				COPY_PHASE_STRIP = NO;
				DEBUG_INFORMATION_FORMAT = "dwarf-with-dsym";
				ENABLE_NS_ASSERTIONS = NO;
				ENABLE_STRICT_OBJC_MSGSEND = YES;
				GCC_C_LANGUAGE_STANDARD = gnu99;
				GCC_NO_COMMON_BLOCKS = YES;
				GCC_WARN_64_TO_32_BIT_CONVERSION = YES;
				GCC_WARN_ABOUT_RETURN_TYPE = YES_ERROR;
				GCC_WARN_UNDECLARED_SELECTOR = YES;
				GCC_WARN_UNINITIALIZED_AUTOS = YES_AGGRESSIVE;
				GCC_WARN_UNUSED_FUNCTION = YES;
				GCC_WARN_UNUSED_VARIABLE = YES;
				IPHONEOS_DEPLOYMENT_TARGET = 9.2;
				MTL_ENABLE_DEBUG_INFO = NO;
				SDKROOT = iphoneos;
				VALIDATE_PRODUCT = YES;
			};
			name = Release;
		};
		BE1D0CEC1C77A806008EBF68 /* Debug */ = {
			isa = XCBuildConfiguration;
			buildSettings = {
				ASSETCATALOG_COMPILER_APPICON_NAME = AppIcon;
				CODE_SIGN_ENTITLEMENTS = feb19743/feb19743.entitlements;
				CODE_SIGN_IDENTITY = "iPhone Developer";
				"CODE_SIGN_IDENTITY[sdk=iphoneos*]" = "iPhone Developer";
				INFOPLIST_FILE = feb19743/Info.plist;
				LD_RUNPATH_SEARCH_PATHS = "$(inherited) @executable_path/Frameworks";
				PRODUCT_BUNDLE_IDENTIFIER = co.uk.susan.gooding.feb19743;
				PRODUCT_NAME = "$(TARGET_NAME)";
				PROVISIONING_PROFILE = "";
			};
			name = Debug;
		};
		BE1D0CED1C77A806008EBF68 /* Release */ = {
			isa = XCBuildConfiguration;
			buildSettings = {
				ASSETCATALOG_COMPILER_APPICON_NAME = AppIcon;
				CODE_SIGN_ENTITLEMENTS = feb19743/feb19743.entitlements;
				CODE_SIGN_IDENTITY = "iPhone Developer";
				"CODE_SIGN_IDENTITY[sdk=iphoneos*]" = "iPhone Developer";
				INFOPLIST_FILE = feb19743/Info.plist;
				LD_RUNPATH_SEARCH_PATHS = "$(inherited) @executable_path/Frameworks";
				PRODUCT_BUNDLE_IDENTIFIER = co.uk.susan.gooding.feb19743;
				PRODUCT_NAME = "$(TARGET_NAME)";
				PROVISIONING_PROFILE = "";
			};
			name = Release;
		};
		BE1D0CEF1C77A806008EBF68 /* Debug */ = {
			isa = XCBuildConfiguration;
			buildSettings = {
				BUNDLE_LOADER = "$(TEST_HOST)";
				INFOPLIST_FILE = feb19743Tests/Info.plist;
				LD_RUNPATH_SEARCH_PATHS = "$(inherited) @executable_path/Frameworks @loader_path/Frameworks";
				PRODUCT_BUNDLE_IDENTIFIER = co.uk.susan.gooding.feb19743Tests;
				PRODUCT_NAME = "$(TARGET_NAME)";
				TEST_HOST = "$(BUILT_PRODUCTS_DIR)/feb19743.app/feb19743";
			};
			name = Debug;
		};
		BE1D0CF01C77A806008EBF68 /* Release */ = {
			isa = XCBuildConfiguration;
			buildSettings = {
				BUNDLE_LOADER = "$(TEST_HOST)";
				INFOPLIST_FILE = feb19743Tests/Info.plist;
				LD_RUNPATH_SEARCH_PATHS = "$(inherited) @executable_path/Frameworks @loader_path/Frameworks";
				PRODUCT_BUNDLE_IDENTIFIER = co.uk.susan.gooding.feb19743Tests;
				PRODUCT_NAME = "$(TARGET_NAME)";
				TEST_HOST = "$(BUILT_PRODUCTS_DIR)/feb19743.app/feb19743";
			};
			name = Release;
		};
		BE1D0CF21C77A806008EBF68 /* Debug */ = {
			isa = XCBuildConfiguration;
			buildSettings = {
				INFOPLIST_FILE = feb19743UITests/Info.plist;
				LD_RUNPATH_SEARCH_PATHS = "$(inherited) @executable_path/Frameworks @loader_path/Frameworks";
				PRODUCT_BUNDLE_IDENTIFIER = co.uk.susan.gooding.feb19743UITests;
				PRODUCT_NAME = "$(TARGET_NAME)";
				TEST_TARGET_NAME = feb19743;
				USES_XCTRUNNER = YES;
			};
			name = Debug;
		};
		BE1D0CF31C77A806008EBF68 /* Release */ = {
			isa = XCBuildConfiguration;
			buildSettings = {
				INFOPLIST_FILE = feb19743UITests/Info.plist;
				LD_RUNPATH_SEARCH_PATHS = "$(inherited) @executable_path/Frameworks @loader_path/Frameworks";
				PRODUCT_BUNDLE_IDENTIFIER = co.uk.susan.gooding.feb19743UITests;
				PRODUCT_NAME = "$(TARGET_NAME)";
				TEST_TARGET_NAME = feb19743;
				USES_XCTRUNNER = YES;
			};
			name = Release;
		};
/* End XCBuildConfiguration section */

/* Begin XCConfigurationList section */
		BE1D0CBE1C77A806008EBF68 /* Build configuration list for PBXProject "feb19743" */ = {
			isa = XCConfigurationList;
			buildConfigurations = (
				BE1D0CE91C77A806008EBF68 /* Debug */,
				BE1D0CEA1C77A806008EBF68 /* Release */,
			);
			defaultConfigurationIsVisible = 0;
			defaultConfigurationName = Release;
		};
		BE1D0CEB1C77A806008EBF68 /* Build configuration list for PBXNativeTarget "feb19743" */ = {
			isa = XCConfigurationList;
			buildConfigurations = (
				BE1D0CEC1C77A806008EBF68 /* Debug */,
				BE1D0CED1C77A806008EBF68 /* Release */,
			);
			defaultConfigurationIsVisible = 0;
			defaultConfigurationName = Release;
		};
		BE1D0CEE1C77A806008EBF68 /* Build configuration list for PBXNativeTarget "feb19743Tests" */ = {
			isa = XCConfigurationList;
			buildConfigurations = (
				BE1D0CEF1C77A806008EBF68 /* Debug */,
				BE1D0CF01C77A806008EBF68 /* Release */,
			);
			defaultConfigurationIsVisible = 0;
			defaultConfigurationName = Release;
		};
		BE1D0CF11C77A806008EBF68 /* Build configuration list for PBXNativeTarget "feb19743UITests" */ = {
			isa = XCConfigurationList;
			buildConfigurations = (
				BE1D0CF21C77A806008EBF68 /* Debug */,
				BE1D0CF31C77A806008EBF68 /* Release */,
			);
			defaultConfigurationIsVisible = 0;
			defaultConfigurationName = Release;
		};
/* End XCConfigurationList section */
	};
	rootObject = BE1D0CBB1C77A806008EBF68 /* Project object */;
}
